
Microsoft Visual Studio Solution File, Format Version 12.00
# Visual Studio Version 17
VisualStudioVersion = 17.5.33414.496
MinimumVisualStudioVersion = 10.0.40219.1
Project("{FAE04EC0-301F-11D3-BF4B-00C04F79EFBC}") = "Temperatura", "Temperatura\Temperatura.csproj", "{CC3BD545-1EA8-4C02-91E1-CBD675AC5200}"
EndProject
Global
	GlobalSection(SolutionConfigurationPlatforms) = preSolution
		Debug|Any CPU = Debug|Any CPU
		Release|Any CPU = Release|Any CPU
	EndGlobalSection
	GlobalSection(ProjectConfigurationPlatforms) = postSolution
		{CC3BD545-1EA8-4C02-91E1-CBD675AC5200}.Debug|Any CPU.ActiveCfg = Debug|Any CPU
		{CC3BD545-1EA8-4C02-91E1-CBD675AC5200}.Debug|Any CPU.Build.0 = Debug|Any CPU
		{CC3BD545-1EA8-4C02-91E1-CBD675AC5200}.Release|Any CPU.ActiveCfg = Release|Any CPU
		{CC3BD545-1EA8-4C02-91E1-CBD675AC5200}.Release|Any CPU.Build.0 = Release|Any CPU
	EndGlobalSection
	GlobalSection(SolutionProperties) = preSolution
		HideSolutionNode = FALSE
	EndGlobalSection
	GlobalSection(ExtensibilityGlobals) = postSolution
		SolutionGuid = {3320701D-4090-4176-B594-5C6028F6C90A}
	EndGlobalSection
EndGlobal
